
Microsoft Visual Studio Solution File, Format Version 12.00
# Visual Studio 15
VisualStudioVersion = 15.0.28010.2016
MinimumVisualStudioVersion = 10.0.40219.1
Project("{FAE04EC0-301F-11D3-BF4B-00C04F79EFBC}") = "RemoteObjects", "RemoteObjects\RemoteObjects.csproj", "{AF1D0903-AAB6-48C2-8988-7255612106F6}"
EndProject
Project("{FAE04EC0-301F-11D3-BF4B-00C04F79EFBC}") = "TheClient", "TheClient\TheClient.csproj", "{3A9B1AE7-7A89-45AF-AFD8-857822BE599D}"
EndProject
Project("{FAE04EC0-301F-11D3-BF4B-00C04F79EFBC}") = "TheServer", "TheServer\TheServer.csproj", "{83E9E63B-91E1-4F48-867C-5086845BE068}"
EndProject
Global
	GlobalSection(SolutionConfigurationPlatforms) = preSolution
		Debug|Any CPU = Debug|Any CPU
		Release|Any CPU = Release|Any CPU
	EndGlobalSection
	GlobalSection(ProjectConfigurationPlatforms) = postSolution
		{AF1D0903-AAB6-48C2-8988-7255612106F6}.Debug|Any CPU.ActiveCfg = Debug|Any CPU
		{AF1D0903-AAB6-48C2-8988-7255612106F6}.Debug|Any CPU.Build.0 = Debug|Any CPU
		{AF1D0903-AAB6-48C2-8988-7255612106F6}.Release|Any CPU.ActiveCfg = Release|Any CPU
		{AF1D0903-AAB6-48C2-8988-7255612106F6}.Release|Any CPU.Build.0 = Release|Any CPU
		{3A9B1AE7-7A89-45AF-AFD8-857822BE599D}.Debug|Any CPU.ActiveCfg = Debug|Any CPU
		{3A9B1AE7-7A89-45AF-AFD8-857822BE599D}.Debug|Any CPU.Build.0 = Debug|Any CPU
		{3A9B1AE7-7A89-45AF-AFD8-857822BE599D}.Release|Any CPU.ActiveCfg = Release|Any CPU
		{3A9B1AE7-7A89-45AF-AFD8-857822BE599D}.Release|Any CPU.Build.0 = Release|Any CPU
		{83E9E63B-91E1-4F48-867C-5086845BE068}.Debug|Any CPU.ActiveCfg = Debug|Any CPU
		{83E9E63B-91E1-4F48-867C-5086845BE068}.Debug|Any CPU.Build.0 = Debug|Any CPU
		{83E9E63B-91E1-4F48-867C-5086845BE068}.Release|Any CPU.ActiveCfg = Release|Any CPU
		{83E9E63B-91E1-4F48-867C-5086845BE068}.Release|Any CPU.Build.0 = Release|Any CPU
	EndGlobalSection
	GlobalSection(SolutionProperties) = preSolution
		HideSolutionNode = FALSE
	EndGlobalSection
	GlobalSection(ExtensibilityGlobals) = postSolution
		SolutionGuid = {DC508840-9D71-4F41-B122-5F5AED5CE0AA}
	EndGlobalSection
EndGlobal
